
Microsoft Visual Studio Solution File, Format Version 12.00
# Visual Studio Version 17
VisualStudioVersion = 17.7.34024.191
MinimumVisualStudioVersion = 10.0.40219.1
Project("{FAE04EC0-301F-11D3-BF4B-00C04F79EFBC}") = "MathShit", "MathShit.csproj", "{C6125D6C-AC15-4EB5-9DE4-720E6ACA902C}"
EndProject
Global
	GlobalSection(SolutionConfigurationPlatforms) = preSolution
		Debug|Any CPU = Debug|Any CPU
		Release|Any CPU = Release|Any CPU
	EndGlobalSection
	GlobalSection(ProjectConfigurationPlatforms) = postSolution
		{C6125D6C-AC15-4EB5-9DE4-720E6ACA902C}.Debug|Any CPU.ActiveCfg = Debug|Any CPU
		{C6125D6C-AC15-4EB5-9DE4-720E6ACA902C}.Debug|Any CPU.Build.0 = Debug|Any CPU
		{C6125D6C-AC15-4EB5-9DE4-720E6ACA902C}.Release|Any CPU.ActiveCfg = Release|Any CPU
		{C6125D6C-AC15-4EB5-9DE4-720E6ACA902C}.Release|Any CPU.Build.0 = Release|Any CPU
	EndGlobalSection
	GlobalSection(SolutionProperties) = preSolution
		HideSolutionNode = FALSE
	EndGlobalSection
	GlobalSection(ExtensibilityGlobals) = postSolution
		SolutionGuid = {0A1A1FBE-04D5-4D9A-A16B-2411B1C8D5CB}
	EndGlobalSection
EndGlobal
